
Microsoft Visual Studio Solution File, Format Version 12.00
# Visual Studio 15
VisualStudioVersion = 15.0.28307.1525
MinimumVisualStudioVersion = 10.0.40219.1
Project("{FAE04EC0-301F-11D3-BF4B-00C04F79EFBC}") = "metrobankexam", "metrobankexam\metrobankexam.csproj", "{E475A3DE-A05E-42F9-9D31-8417A2DE7B94}"
EndProject
Global
	GlobalSection(SolutionConfigurationPlatforms) = preSolution
		Debug|Any CPU = Debug|Any CPU
		Release|Any CPU = Release|Any CPU
	EndGlobalSection
	GlobalSection(ProjectConfigurationPlatforms) = postSolution
		{E475A3DE-A05E-42F9-9D31-8417A2DE7B94}.Debug|Any CPU.ActiveCfg = Debug|Any CPU
		{E475A3DE-A05E-42F9-9D31-8417A2DE7B94}.Debug|Any CPU.Build.0 = Debug|Any CPU
		{E475A3DE-A05E-42F9-9D31-8417A2DE7B94}.Release|Any CPU.ActiveCfg = Release|Any CPU
		{E475A3DE-A05E-42F9-9D31-8417A2DE7B94}.Release|Any CPU.Build.0 = Release|Any CPU
	EndGlobalSection
	GlobalSection(SolutionProperties) = preSolution
		HideSolutionNode = FALSE
	EndGlobalSection
	GlobalSection(ExtensibilityGlobals) = postSolution
		SolutionGuid = {1015EC0D-9DC1-4439-93F0-877ACEAA74C6}
	EndGlobalSection
EndGlobal
